// !$*UTF8*$!
{
	archiveVersion = 1;
	classes = {
	};
	objectVersion = 56;
	objects = {

/* Begin PBXBuildFile section */
		35F4622E2A0A407600D7088B /* DeckCheckerApp.swift in Sources */ = {isa = PBXBuildFile; fileRef = 35F4622D2A0A407600D7088B /* DeckCheckerApp.swift */; };
		35F462302A0A407600D7088B /* DeckListView.swift in Sources */ = {isa = PBXBuildFile; fileRef = 35F4622F2A0A407600D7088B /* DeckListView.swift */; };
		35F462322A0A407700D7088B /* Assets.xcassets in Resources */ = {isa = PBXBuildFile; fileRef = 35F462312A0A407700D7088B /* Assets.xcassets */; };
		35F462352A0A407700D7088B /* Preview Assets.xcassets in Resources */ = {isa = PBXBuildFile; fileRef = 35F462342A0A407700D7088B /* Preview Assets.xcassets */; };
		35F462402A0A407700D7088B /* DeckCheckerTests.swift in Sources */ = {isa = PBXBuildFile; fileRef = 35F4623F2A0A407700D7088B /* DeckCheckerTests.swift */; };
		35F4624A2A0A407700D7088B /* DeckCheckerUITests.swift in Sources */ = {isa = PBXBuildFile; fileRef = 35F462492A0A407700D7088B /* DeckCheckerUITests.swift */; };
		35F4624C2A0A407700D7088B /* DeckCheckerUITestsLaunchTests.swift in Sources */ = {isa = PBXBuildFile; fileRef = 35F4624B2A0A407700D7088B /* DeckCheckerUITestsLaunchTests.swift */; };
		35F462592A0A41D800D7088B /* DeckCheckView.swift in Sources */ = {isa = PBXBuildFile; fileRef = 35F462582A0A41D800D7088B /* DeckCheckView.swift */; };
		35F4625B2A0A422700D7088B /* SettingsView.swift in Sources */ = {isa = PBXBuildFile; fileRef = 35F4625A2A0A422700D7088B /* SettingsView.swift */; };
/* End PBXBuildFile section */

/* Begin PBXContainerItemProxy section */
		35F4623C2A0A407700D7088B /* PBXContainerItemProxy */ = {
			isa = PBXContainerItemProxy;
			containerPortal = 35F462222A0A407600D7088B /* Project object */;
			proxyType = 1;
			remoteGlobalIDString = 35F462292A0A407600D7088B;
			remoteInfo = DeckChecker;
		};
		35F462462A0A407700D7088B /* PBXContainerItemProxy */ = {
			isa = PBXContainerItemProxy;
			containerPortal = 35F462222A0A407600D7088B /* Project object */;
			proxyType = 1;
			remoteGlobalIDString = 35F462292A0A407600D7088B;
			remoteInfo = DeckChecker;
		};
/* End PBXContainerItemProxy section */

/* Begin PBXFileReference section */
		35F4622A2A0A407600D7088B /* DeckChecker.app */ = {isa = PBXFileReference; explicitFileType = wrapper.application; includeInIndex = 0; path = DeckChecker.app; sourceTree = BUILT_PRODUCTS_DIR; };
		35F4622D2A0A407600D7088B /* DeckCheckerApp.swift */ = {isa = PBXFileReference; lastKnownFileType = sourcecode.swift; path = DeckCheckerApp.swift; sourceTree = "<group>"; };
		35F4622F2A0A407600D7088B /* DeckListView.swift */ = {isa = PBXFileReference; lastKnownFileType = sourcecode.swift; path = DeckListView.swift; sourceTree = "<group>"; };
		35F462312A0A407700D7088B /* Assets.xcassets */ = {isa = PBXFileReference; lastKnownFileType = folder.assetcatalog; path = Assets.xcassets; sourceTree = "<group>"; };
		35F462342A0A407700D7088B /* Preview Assets.xcassets */ = {isa = PBXFileReference; lastKnownFileType = folder.assetcatalog; path = "Preview Assets.xcassets"; sourceTree = "<group>"; };
		35F462362A0A407700D7088B /* DeckChecker.entitlements */ = {isa = PBXFileReference; lastKnownFileType = text.plist.entitlements; path = DeckChecker.entitlements; sourceTree = "<group>"; };
		35F4623B2A0A407700D7088B /* DeckCheckerTests.xctest */ = {isa = PBXFileReference; explicitFileType = wrapper.cfbundle; includeInIndex = 0; path = DeckCheckerTests.xctest; sourceTree = BUILT_PRODUCTS_DIR; };
		35F4623F2A0A407700D7088B /* DeckCheckerTests.swift */ = {isa = PBXFileReference; lastKnownFileType = sourcecode.swift; path = DeckCheckerTests.swift; sourceTree = "<group>"; };
		35F462452A0A407700D7088B /* DeckCheckerUITests.xctest */ = {isa = PBXFileReference; explicitFileType = wrapper.cfbundle; includeInIndex = 0; path = DeckCheckerUITests.xctest; sourceTree = BUILT_PRODUCTS_DIR; };
		35F462492A0A407700D7088B /* DeckCheckerUITests.swift */ = {isa = PBXFileReference; lastKnownFileType = sourcecode.swift; path = DeckCheckerUITests.swift; sourceTree = "<group>"; };
		35F4624B2A0A407700D7088B /* DeckCheckerUITestsLaunchTests.swift */ = {isa = PBXFileReference; lastKnownFileType = sourcecode.swift; path = DeckCheckerUITestsLaunchTests.swift; sourceTree = "<group>"; };
		35F462582A0A41D800D7088B /* DeckCheckView.swift */ = {isa = PBXFileReference; lastKnownFileType = sourcecode.swift; path = DeckCheckView.swift; sourceTree = "<group>"; };
		35F4625A2A0A422700D7088B /* SettingsView.swift */ = {isa = PBXFileReference; lastKnownFileType = sourcecode.swift; path = SettingsView.swift; sourceTree = "<group>"; };
/* End PBXFileReference section */

/* Begin PBXFrameworksBuildPhase section */
		35F462272A0A407600D7088B /* Frameworks */ = {
			isa = PBXFrameworksBuildPhase;
			buildActionMask = 2147483647;
			files = (
			);
			runOnlyForDeploymentPostprocessing = 0;
		};
		35F462382A0A407700D7088B /* Frameworks */ = {
			isa = PBXFrameworksBuildPhase;
			buildActionMask = 2147483647;
			files = (
			);
			runOnlyForDeploymentPostprocessing = 0;
		};
		35F462422A0A407700D7088B /* Frameworks */ = {
			isa = PBXFrameworksBuildPhase;
			buildActionMask = 2147483647;
			files = (
			);
			runOnlyForDeploymentPostprocessing = 0;
		};
/* End PBXFrameworksBuildPhase section */

/* Begin PBXGroup section */
		35F462212A0A407600D7088B = {
			isa = PBXGroup;
			children = (
				35F4622C2A0A407600D7088B /* DeckChecker */,
				35F4623E2A0A407700D7088B /* DeckCheckerTests */,
				35F462482A0A407700D7088B /* DeckCheckerUITests */,
				35F4622B2A0A407600D7088B /* Products */,
			);
			sourceTree = "<group>";
		};
		35F4622B2A0A407600D7088B /* Products */ = {
			isa = PBXGroup;
			children = (
				35F4622A2A0A407600D7088B /* DeckChecker.app */,
				35F4623B2A0A407700D7088B /* DeckCheckerTests.xctest */,
				35F462452A0A407700D7088B /* DeckCheckerUITests.xctest */,
			);
			name = Products;
			sourceTree = "<group>";
		};
		35F4622C2A0A407600D7088B /* DeckChecker */ = {
			isa = PBXGroup;
			children = (
				35F4622D2A0A407600D7088B /* DeckCheckerApp.swift */,
				35F4622F2A0A407600D7088B /* DeckListView.swift */,
				35F462582A0A41D800D7088B /* DeckCheckView.swift */,
				35F4625A2A0A422700D7088B /* SettingsView.swift */,
				35F462312A0A407700D7088B /* Assets.xcassets */,
				35F462362A0A407700D7088B /* DeckChecker.entitlements */,
				35F462332A0A407700D7088B /* Preview Content */,
			);
			path = DeckChecker;
			sourceTree = "<group>";
		};
		35F462332A0A407700D7088B /* Preview Content */ = {
			isa = PBXGroup;
			children = (
				35F462342A0A407700D7088B /* Preview Assets.xcassets */,
			);
			path = "Preview Content";
			sourceTree = "<group>";
		};
		35F4623E2A0A407700D7088B /* DeckCheckerTests */ = {
			isa = PBXGroup;
			children = (
				35F4623F2A0A407700D7088B /* DeckCheckerTests.swift */,
			);
			path = DeckCheckerTests;
			sourceTree = "<group>";
		};
		35F462482A0A407700D7088B /* DeckCheckerUITests */ = {
			isa = PBXGroup;
			children = (
				35F462492A0A407700D7088B /* DeckCheckerUITests.swift */,
				35F4624B2A0A407700D7088B /* DeckCheckerUITestsLaunchTests.swift */,
			);
			path = DeckCheckerUITests;
			sourceTree = "<group>";
		};
/* End PBXGroup section */

/* Begin PBXNativeTarget section */
		35F462292A0A407600D7088B /* DeckChecker */ = {
			isa = PBXNativeTarget;
			buildConfigurationList = 35F4624F2A0A407700D7088B /* Build configuration list for PBXNativeTarget "DeckChecker" */;
			buildPhases = (
				35F462262A0A407600D7088B /* Sources */,
				35F462272A0A407600D7088B /* Frameworks */,
				35F462282A0A407600D7088B /* Resources */,
			);
			buildRules = (
			);
			dependencies = (
			);
			name = DeckChecker;
			productName = DeckChecker;
			productReference = 35F4622A2A0A407600D7088B /* DeckChecker.app */;
			productType = "com.apple.product-type.application";
		};
		35F4623A2A0A407700D7088B /* DeckCheckerTests */ = {
			isa = PBXNativeTarget;
			buildConfigurationList = 35F462522A0A407700D7088B /* Build configuration list for PBXNativeTarget "DeckCheckerTests" */;
			buildPhases = (
				35F462372A0A407700D7088B /* Sources */,
				35F462382A0A407700D7088B /* Frameworks */,
				35F462392A0A407700D7088B /* Resources */,
			);
			buildRules = (
			);
			dependencies = (
				35F4623D2A0A407700D7088B /* PBXTargetDependency */,
			);
			name = DeckCheckerTests;
			productName = DeckCheckerTests;
			productReference = 35F4623B2A0A407700D7088B /* DeckCheckerTests.xctest */;
			productType = "com.apple.product-type.bundle.unit-test";
		};
		35F462442A0A407700D7088B /* DeckCheckerUITests */ = {
			isa = PBXNativeTarget;
			buildConfigurationList = 35F462552A0A407700D7088B /* Build configuration list for PBXNativeTarget "DeckCheckerUITests" */;
			buildPhases = (
				35F462412A0A407700D7088B /* Sources */,
				35F462422A0A407700D7088B /* Frameworks */,
				35F462432A0A407700D7088B /* Resources */,
			);
			buildRules = (
			);
			dependencies = (
				35F462472A0A407700D7088B /* PBXTargetDependency */,
			);
			name = DeckCheckerUITests;
			productName = DeckCheckerUITests;
			productReference = 35F462452A0A407700D7088B /* DeckCheckerUITests.xctest */;
			productType = "com.apple.product-type.bundle.ui-testing";
		};
/* End PBXNativeTarget section */

/* Begin PBXProject section */
		35F462222A0A407600D7088B /* Project object */ = {
			isa = PBXProject;
			attributes = {
				BuildIndependentTargetsInParallel = 1;
				LastSwiftUpdateCheck = 1430;
				LastUpgradeCheck = 1430;
				TargetAttributes = {
					35F462292A0A407600D7088B = {
						CreatedOnToolsVersion = 14.3;
					};
					35F4623A2A0A407700D7088B = {
						CreatedOnToolsVersion = 14.3;
						TestTargetID = 35F462292A0A407600D7088B;
					};
					35F462442A0A407700D7088B = {
						CreatedOnToolsVersion = 14.3;
						TestTargetID = 35F462292A0A407600D7088B;
					};
				};
			};
			buildConfigurationList = 35F462252A0A407600D7088B /* Build configuration list for PBXProject "DeckChecker" */;
			compatibilityVersion = "Xcode 14.0";
			developmentRegion = en;
			hasScannedForEncodings = 0;
			knownRegions = (
				en,
				Base,
			);
			mainGroup = 35F462212A0A407600D7088B;
			productRefGroup = 35F4622B2A0A407600D7088B /* Products */;
			projectDirPath = "";
			projectRoot = "";
			targets = (
				35F462292A0A407600D7088B /* DeckChecker */,
				35F4623A2A0A407700D7088B /* DeckCheckerTests */,
				35F462442A0A407700D7088B /* DeckCheckerUITests */,
			);
		};
/* End PBXProject section */

/* Begin PBXResourcesBuildPhase section */
		35F462282A0A407600D7088B /* Resources */ = {
			isa = PBXResourcesBuildPhase;
			buildActionMask = 2147483647;
			files = (
				35F462352A0A407700D7088B /* Preview Assets.xcassets in Resources */,
				35F462322A0A407700D7088B /* Assets.xcassets in Resources */,
			);
			runOnlyForDeploymentPostprocessing = 0;
		};
		35F462392A0A407700D7088B /* Resources */ = {
			isa = PBXResourcesBuildPhase;
			buildActionMask = 2147483647;
			files = (
			);
			runOnlyForDeploymentPostprocessing = 0;
		};
		35F462432A0A407700D7088B /* Resources */ = {
			isa = PBXResourcesBuildPhase;
			buildActionMask = 2147483647;
			files = (
			);
			runOnlyForDeploymentPostprocessing = 0;
		};
/* End PBXResourcesBuildPhase section */

/* Begin PBXSourcesBuildPhase section */
		35F462262A0A407600D7088B /* Sources */ = {
			isa = PBXSourcesBuildPhase;
			buildActionMask = 2147483647;
			files = (
				35F462302A0A407600D7088B /* DeckListView.swift in Sources */,
				35F4625B2A0A422700D7088B /* SettingsView.swift in Sources */,
				35F462592A0A41D800D7088B /* DeckCheckView.swift in Sources */,
				35F4622E2A0A407600D7088B /* DeckCheckerApp.swift in Sources */,
			);
			runOnlyForDeploymentPostprocessing = 0;
		};
		35F462372A0A407700D7088B /* Sources */ = {
			isa = PBXSourcesBuildPhase;
			buildActionMask = 2147483647;
			files = (
				35F462402A0A407700D7088B /* DeckCheckerTests.swift in Sources */,
			);
			runOnlyForDeploymentPostprocessing = 0;
		};
		35F462412A0A407700D7088B /* Sources */ = {
			isa = PBXSourcesBuildPhase;
			buildActionMask = 2147483647;
			files = (
				35F4624A2A0A407700D7088B /* DeckCheckerUITests.swift in Sources */,
				35F4624C2A0A407700D7088B /* DeckCheckerUITestsLaunchTests.swift in Sources */,
			);
			runOnlyForDeploymentPostprocessing = 0;
		};
/* End PBXSourcesBuildPhase section */

/* Begin PBXTargetDependency section */
		35F4623D2A0A407700D7088B /* PBXTargetDependency */ = {
			isa = PBXTargetDependency;
			target = 35F462292A0A407600D7088B /* DeckChecker */;
			targetProxy = 35F4623C2A0A407700D7088B /* PBXContainerItemProxy */;
		};
		35F462472A0A407700D7088B /* PBXTargetDependency */ = {
			isa = PBXTargetDependency;
			target = 35F462292A0A407600D7088B /* DeckChecker */;
			targetProxy = 35F462462A0A407700D7088B /* PBXContainerItemProxy */;
		};
/* End PBXTargetDependency section */

/* Begin XCBuildConfiguration section */
		35F4624D2A0A407700D7088B /* Debug */ = {
			isa = XCBuildConfiguration;
			buildSettings = {
				ALWAYS_SEARCH_USER_PATHS = NO;
				CLANG_ANALYZER_NONNULL = YES;
				CLANG_ANALYZER_NUMBER_OBJECT_CONVERSION = YES_AGGRESSIVE;
				CLANG_CXX_LANGUAGE_STANDARD = "gnu++20";
				CLANG_ENABLE_MODULES = YES;
				CLANG_ENABLE_OBJC_ARC = YES;
				CLANG_ENABLE_OBJC_WEAK = YES;
				CLANG_WARN_BLOCK_CAPTURE_AUTORELEASING = YES;
				CLANG_WARN_BOOL_CONVERSION = YES;
				CLANG_WARN_COMMA = YES;
				CLANG_WARN_CONSTANT_CONVERSION = YES;
				CLANG_WARN_DEPRECATED_OBJC_IMPLEMENTATIONS = YES;
				CLANG_WARN_DIRECT_OBJC_ISA_USAGE = YES_ERROR;
				CLANG_WARN_DOCUMENTATION_COMMENTS = YES;
				CLANG_WARN_EMPTY_BODY = YES;
				CLANG_WARN_ENUM_CONVERSION = YES;
				CLANG_WARN_INFINITE_RECURSION = YES;
				CLANG_WARN_INT_CONVERSION = YES;
				CLANG_WARN_NON_LITERAL_NULL_CONVERSION = YES;
				CLANG_WARN_OBJC_IMPLICIT_RETAIN_SELF = YES;
				CLANG_WARN_OBJC_LITERAL_CONVERSION = YES;
				CLANG_WARN_OBJC_ROOT_CLASS = YES_ERROR;
				CLANG_WARN_QUOTED_INCLUDE_IN_FRAMEWORK_HEADER = YES;
				CLANG_WARN_RANGE_LOOP_ANALYSIS = YES;
				CLANG_WARN_STRICT_PROTOTYPES = YES;
				CLANG_WARN_SUSPICIOUS_MOVE = YES;
				CLANG_WARN_UNGUARDED_AVAILABILITY = YES_AGGRESSIVE;
				CLANG_WARN_UNREACHABLE_CODE = YES;
				CLANG_WARN__DUPLICATE_METHOD_MATCH = YES;
				COPY_PHASE_STRIP = NO;
				DEBUG_INFORMATION_FORMAT = dwarf;
				ENABLE_STRICT_OBJC_MSGSEND = YES;
				ENABLE_TESTABILITY = YES;
				GCC_C_LANGUAGE_STANDARD = gnu11;
				GCC_DYNAMIC_NO_PIC = NO;
				GCC_NO_COMMON_BLOCKS = YES;
				GCC_OPTIMIZATION_LEVEL = 0;
				GCC_PREPROCESSOR_DEFINITIONS = (
					"DEBUG=1",
					"$(inherited)",
				);
				GCC_WARN_64_TO_32_BIT_CONVERSION = YES;
				GCC_WARN_ABOUT_RETURN_TYPE = YES_ERROR;
				GCC_WARN_UNDECLARED_SELECTOR = YES;
				GCC_WARN_UNINITIALIZED_AUTOS = YES_AGGRESSIVE;
				GCC_WARN_UNUSED_FUNCTION = YES;
				GCC_WARN_UNUSED_VARIABLE = YES;
				MACOSX_DEPLOYMENT_TARGET = 13.3;
				MTL_ENABLE_DEBUG_INFO = INCLUDE_SOURCE;
				MTL_FAST_MATH = YES;
				ONLY_ACTIVE_ARCH = YES;
				SDKROOT = macosx;
				SWIFT_ACTIVE_COMPILATION_CONDITIONS = DEBUG;
				SWIFT_OPTIMIZATION_LEVEL = "-Onone";
			};
			name = Debug;
		};
		35F4624E2A0A407700D7088B /* Release */ = {
			isa = XCBuildConfiguration;
			buildSettings = {
				ALWAYS_SEARCH_USER_PATHS = NO;
				CLANG_ANALYZER_NONNULL = YES;
				CLANG_ANALYZER_NUMBER_OBJECT_CONVERSION = YES_AGGRESSIVE;
				CLANG_CXX_LANGUAGE_STANDARD = "gnu++20";
				CLANG_ENABLE_MODULES = YES;
				CLANG_ENABLE_OBJC_ARC = YES;
				CLANG_ENABLE_OBJC_WEAK = YES;
				CLANG_WARN_BLOCK_CAPTURE_AUTORELEASING = YES;
				CLANG_WARN_BOOL_CONVERSION = YES;
				CLANG_WARN_COMMA = YES;
				CLANG_WARN_CONSTANT_CONVERSION = YES;
				CLANG_WARN_DEPRECATED_OBJC_IMPLEMENTATIONS = YES;
				CLANG_WARN_DIRECT_OBJC_ISA_USAGE = YES_ERROR;
				CLANG_WARN_DOCUMENTATION_COMMENTS = YES;
				CLANG_WARN_EMPTY_BODY = YES;
				CLANG_WARN_ENUM_CONVERSION = YES;
				CLANG_WARN_INFINITE_RECURSION = YES;
				CLANG_WARN_INT_CONVERSION = YES;
				CLANG_WARN_NON_LITERAL_NULL_CONVERSION = YES;
				CLANG_WARN_OBJC_IMPLICIT_RETAIN_SELF = YES;
				CLANG_WARN_OBJC_LITERAL_CONVERSION = YES;
				CLANG_WARN_OBJC_ROOT_CLASS = YES_ERROR;
				CLANG_WARN_QUOTED_INCLUDE_IN_FRAMEWORK_HEADER = YES;
				CLANG_WARN_RANGE_LOOP_ANALYSIS = YES;
				CLANG_WARN_STRICT_PROTOTYPES = YES;
				CLANG_WARN_SUSPICIOUS_MOVE = YES;
				CLANG_WARN_UNGUARDED_AVAILABILITY = YES_AGGRESSIVE;
				CLANG_WARN_UNREACHABLE_CODE = YES;
				CLANG_WARN__DUPLICATE_METHOD_MATCH = YES;
				COPY_PHASE_STRIP = NO;
				DEBUG_INFORMATION_FORMAT = "dwarf-with-dsym";
				ENABLE_NS_ASSERTIONS = NO;
				ENABLE_STRICT_OBJC_MSGSEND = YES;
				GCC_C_LANGUAGE_STANDARD = gnu11;
				GCC_NO_COMMON_BLOCKS = YES;
				GCC_WARN_64_TO_32_BIT_CONVERSION = YES;
				GCC_WARN_ABOUT_RETURN_TYPE = YES_ERROR;
				GCC_WARN_UNDECLARED_SELECTOR = YES;
				GCC_WARN_UNINITIALIZED_AUTOS = YES_AGGRESSIVE;
				GCC_WARN_UNUSED_FUNCTION = YES;
				GCC_WARN_UNUSED_VARIABLE = YES;
				MACOSX_DEPLOYMENT_TARGET = 13.3;
				MTL_ENABLE_DEBUG_INFO = NO;
				MTL_FAST_MATH = YES;
				SDKROOT = macosx;
				SWIFT_COMPILATION_MODE = wholemodule;
				SWIFT_OPTIMIZATION_LEVEL = "-O";
			};
			name = Release;
		};
		35F462502A0A407700D7088B /* Debug */ = {
			isa = XCBuildConfiguration;
			buildSettings = {
				ASSETCATALOG_COMPILER_APPICON_NAME = AppIcon;
				ASSETCATALOG_COMPILER_GLOBAL_ACCENT_COLOR_NAME = AccentColor;
				CODE_SIGN_ENTITLEMENTS = DeckChecker/DeckChecker.entitlements;
				CODE_SIGN_STYLE = Automatic;
				COMBINE_HIDPI_IMAGES = YES;
				CURRENT_PROJECT_VERSION = 1;
				DEVELOPMENT_ASSET_PATHS = "\"DeckChecker/Preview Content\"";
				DEVELOPMENT_TEAM = P89ASLHB2S;
				ENABLE_HARDENED_RUNTIME = YES;
				ENABLE_PREVIEWS = YES;
				GENERATE_INFOPLIST_FILE = YES;
				INFOPLIST_KEY_NSHumanReadableCopyright = "";
				LD_RUNPATH_SEARCH_PATHS = (
					"$(inherited)",
					"@executable_path/../Frameworks",
				);
				MARKETING_VERSION = 1.0;
				PRODUCT_BUNDLE_IDENTIFIER = leonmatg.DeckChecker;
				PRODUCT_NAME = "$(TARGET_NAME)";
				SWIFT_EMIT_LOC_STRINGS = YES;
				SWIFT_VERSION = 5.0;
			};
			name = Debug;
		};
		35F462512A0A407700D7088B /* Release */ = {
			isa = XCBuildConfiguration;
			buildSettings = {
				ASSETCATALOG_COMPILER_APPICON_NAME = AppIcon;
				ASSETCATALOG_COMPILER_GLOBAL_ACCENT_COLOR_NAME = AccentColor;
				CODE_SIGN_ENTITLEMENTS = DeckChecker/DeckChecker.entitlements;
				CODE_SIGN_STYLE = Automatic;
				COMBINE_HIDPI_IMAGES = YES;
				CURRENT_PROJECT_VERSION = 1;
				DEVELOPMENT_ASSET_PATHS = "\"DeckChecker/Preview Content\"";
				DEVELOPMENT_TEAM = P89ASLHB2S;
				ENABLE_HARDENED_RUNTIME = YES;
				ENABLE_PREVIEWS = YES;
				GENERATE_INFOPLIST_FILE = YES;
				INFOPLIST_KEY_NSHumanReadableCopyright = "";
				LD_RUNPATH_SEARCH_PATHS = (
					"$(inherited)",
					"@executable_path/../Frameworks",
				);
				MARKETING_VERSION = 1.0;
				PRODUCT_BUNDLE_IDENTIFIER = leonmatg.DeckChecker;
				PRODUCT_NAME = "$(TARGET_NAME)";
				SWIFT_EMIT_LOC_STRINGS = YES;
				SWIFT_VERSION = 5.0;
			};
			name = Release;
		};
		35F462532A0A407700D7088B /* Debug */ = {
			isa = XCBuildConfiguration;
			buildSettings = {
				ALWAYS_EMBED_SWIFT_STANDARD_LIBRARIES = YES;
				BUNDLE_LOADER = "$(TEST_HOST)";
				CODE_SIGN_STYLE = Automatic;
				CURRENT_PROJECT_VERSION = 1;
				DEVELOPMENT_TEAM = P89ASLHB2S;
				GENERATE_INFOPLIST_FILE = YES;
				MACOSX_DEPLOYMENT_TARGET = 13.3;
				MARKETING_VERSION = 1.0;
				PRODUCT_BUNDLE_IDENTIFIER = leonmatg.DeckCheckerTests;
				PRODUCT_NAME = "$(TARGET_NAME)";
				SWIFT_EMIT_LOC_STRINGS = NO;
				SWIFT_VERSION = 5.0;
				TEST_HOST = "$(BUILT_PRODUCTS_DIR)/DeckChecker.app/$(BUNDLE_EXECUTABLE_FOLDER_PATH)/DeckChecker";
			};
			name = Debug;
		};
		35F462542A0A407700D7088B /* Release */ = {
			isa = XCBuildConfiguration;
			buildSettings = {
				ALWAYS_EMBED_SWIFT_STANDARD_LIBRARIES = YES;
				BUNDLE_LOADER = "$(TEST_HOST)";
				CODE_SIGN_STYLE = Automatic;
				CURRENT_PROJECT_VERSION = 1;
				DEVELOPMENT_TEAM = P89ASLHB2S;
				GENERATE_INFOPLIST_FILE = YES;
				MACOSX_DEPLOYMENT_TARGET = 13.3;
				MARKETING_VERSION = 1.0;
				PRODUCT_BUNDLE_IDENTIFIER = leonmatg.DeckCheckerTests;
				PRODUCT_NAME = "$(TARGET_NAME)";
				SWIFT_EMIT_LOC_STRINGS = NO;
				SWIFT_VERSION = 5.0;
				TEST_HOST = "$(BUILT_PRODUCTS_DIR)/DeckChecker.app/$(BUNDLE_EXECUTABLE_FOLDER_PATH)/DeckChecker";
			};
			name = Release;
		};
		35F462562A0A407700D7088B /* Debug */ = {
			isa = XCBuildConfiguration;
			buildSettings = {
				ALWAYS_EMBED_SWIFT_STANDARD_LIBRARIES = YES;
				CODE_SIGN_STYLE = Automatic;
				CURRENT_PROJECT_VERSION = 1;
				DEVELOPMENT_TEAM = P89ASLHB2S;
				GENERATE_INFOPLIST_FILE = YES;
				MARKETING_VERSION = 1.0;
				PRODUCT_BUNDLE_IDENTIFIER = leonmatg.DeckCheckerUITests;
				PRODUCT_NAME = "$(TARGET_NAME)";
				SWIFT_EMIT_LOC_STRINGS = NO;
				SWIFT_VERSION = 5.0;
				TEST_TARGET_NAME = DeckChecker;
			};
			name = Debug;
		};
		35F462572A0A407700D7088B /* Release */ = {
			isa = XCBuildConfiguration;
			buildSettings = {
				ALWAYS_EMBED_SWIFT_STANDARD_LIBRARIES = YES;
				CODE_SIGN_STYLE = Automatic;
				CURRENT_PROJECT_VERSION = 1;
				DEVELOPMENT_TEAM = P89ASLHB2S;
				GENERATE_INFOPLIST_FILE = YES;
				MARKETING_VERSION = 1.0;
				PRODUCT_BUNDLE_IDENTIFIER = leonmatg.DeckCheckerUITests;
				PRODUCT_NAME = "$(TARGET_NAME)";
				SWIFT_EMIT_LOC_STRINGS = NO;
				SWIFT_VERSION = 5.0;
				TEST_TARGET_NAME = DeckChecker;
			};
			name = Release;
		};
/* End XCBuildConfiguration section */

/* Begin XCConfigurationList section */
		35F462252A0A407600D7088B /* Build configuration list for PBXProject "DeckChecker" */ = {
			isa = XCConfigurationList;
			buildConfigurations = (
				35F4624D2A0A407700D7088B /* Debug */,
				35F4624E2A0A407700D7088B /* Release */,
			);
			defaultConfigurationIsVisible = 0;
			defaultConfigurationName = Release;
		};
		35F4624F2A0A407700D7088B /* Build configuration list for PBXNativeTarget "DeckChecker" */ = {
			isa = XCConfigurationList;
			buildConfigurations = (
				35F462502A0A407700D7088B /* Debug */,
				35F462512A0A407700D7088B /* Release */,
			);
			defaultConfigurationIsVisible = 0;
			defaultConfigurationName = Release;
		};
		35F462522A0A407700D7088B /* Build configuration list for PBXNativeTarget "DeckCheckerTests" */ = {
			isa = XCConfigurationList;
			buildConfigurations = (
				35F462532A0A407700D7088B /* Debug */,
				35F462542A0A407700D7088B /* Release */,
			);
			defaultConfigurationIsVisible = 0;
			defaultConfigurationName = Release;
		};
		35F462552A0A407700D7088B /* Build configuration list for PBXNativeTarget "DeckCheckerUITests" */ = {
			isa = XCConfigurationList;
			buildConfigurations = (
				35F462562A0A407700D7088B /* Debug */,
				35F462572A0A407700D7088B /* Release */,
			);
			defaultConfigurationIsVisible = 0;
			defaultConfigurationName = Release;
		};
/* End XCConfigurationList section */
	};
	rootObject = 35F462222A0A407600D7088B /* Project object */;
}
